// !$*UTF8*$!
{
	archiveVersion = 1;
	classes = {
	};
	objectVersion = 50;
	objects = {

/* Begin PBXBuildFile section */
		7DD6C406246BCD7600A6B8D9 /* AppDelegate.swift in Sources */ = {isa = PBXBuildFile; fileRef = 7DD6C405246BCD7600A6B8D9 /* AppDelegate.swift */; };
		7DD6C408246BCD7600A6B8D9 /* SceneDelegate.swift in Sources */ = {isa = PBXBuildFile; fileRef = 7DD6C407246BCD7600A6B8D9 /* SceneDelegate.swift */; };
		7DD6C40A246BCD7600A6B8D9 /* ViewController.swift in Sources */ = {isa = PBXBuildFile; fileRef = 7DD6C409246BCD7600A6B8D9 /* ViewController.swift */; };
		7DD6C40D246BCD7600A6B8D9 /* Main.storyboard in Resources */ = {isa = PBXBuildFile; fileRef = 7DD6C40B246BCD7600A6B8D9 /* Main.storyboard */; };
		7DD6C40F246BCD7700A6B8D9 /* Assets.xcassets in Resources */ = {isa = PBXBuildFile; fileRef = 7DD6C40E246BCD7700A6B8D9 /* Assets.xcassets */; };
		7DD6C412246BCD7700A6B8D9 /* LaunchScreen.storyboard in Resources */ = {isa = PBXBuildFile; fileRef = 7DD6C410246BCD7700A6B8D9 /* LaunchScreen.storyboard */; };
/* End PBXBuildFile section */

/* Begin PBXFileReference section */
		7DD6C402246BCD7600A6B8D9 /* OTPtextField.app */ = {isa = PBXFileReference; explicitFileType = wrapper.application; includeInIndex = 0; path = OTPtextField.app; sourceTree = BUILT_PRODUCTS_DIR; };
		7DD6C405246BCD7600A6B8D9 /* AppDelegate.swift */ = {isa = PBXFileReference; lastKnownFileType = sourcecode.swift; path = AppDelegate.swift; sourceTree = "<group>"; };
		7DD6C407246BCD7600A6B8D9 /* SceneDelegate.swift */ = {isa = PBXFileReference; lastKnownFileType = sourcecode.swift; path = SceneDelegate.swift; sourceTree = "<group>"; };
		7DD6C409246BCD7600A6B8D9 /* ViewController.swift */ = {isa = PBXFileReference; lastKnownFileType = sourcecode.swift; path = ViewController.swift; sourceTree = "<group>"; };
		7DD6C40C246BCD7600A6B8D9 /* Base */ = {isa = PBXFileReference; lastKnownFileType = file.storyboard; name = Base; path = Base.lproj/Main.storyboard; sourceTree = "<group>"; };
		7DD6C40E246BCD7700A6B8D9 /* Assets.xcassets */ = {isa = PBXFileReference; lastKnownFileType = folder.assetcatalog; path = Assets.xcassets; sourceTree = "<group>"; };
		7DD6C411246BCD7700A6B8D9 /* Base */ = {isa = PBXFileReference; lastKnownFileType = file.storyboard; name = Base; path = Base.lproj/LaunchScreen.storyboard; sourceTree = "<group>"; };
		7DD6C413246BCD7700A6B8D9 /* Info.plist */ = {isa = PBXFileReference; lastKnownFileType = text.plist.xml; path = Info.plist; sourceTree = "<group>"; };
/* End PBXFileReference section */

/* Begin PBXFrameworksBuildPhase section */
		7DD6C3FF246BCD7600A6B8D9 /* Frameworks */ = {
			isa = PBXFrameworksBuildPhase;
			buildActionMask = 2147483647;
			files = (
			);
			runOnlyForDeploymentPostprocessing = 0;
		};
/* End PBXFrameworksBuildPhase section */

/* Begin PBXGroup section */
		7DD6C3F9246BCD7600A6B8D9 = {
			isa = PBXGroup;
			children = (
				7DD6C404246BCD7600A6B8D9 /* OTPtextField */,
				7DD6C403246BCD7600A6B8D9 /* Products */,
			);
			sourceTree = "<group>";
		};
		7DD6C403246BCD7600A6B8D9 /* Products */ = {
			isa = PBXGroup;
			children = (
				7DD6C402246BCD7600A6B8D9 /* OTPtextField.app */,
			);
			name = Products;
			sourceTree = "<group>";
		};
		7DD6C404246BCD7600A6B8D9 /* OTPtextField */ = {
			isa = PBXGroup;
			children = (
				7DD6C405246BCD7600A6B8D9 /* AppDelegate.swift */,
				7DD6C407246BCD7600A6B8D9 /* SceneDelegate.swift */,
				7DD6C409246BCD7600A6B8D9 /* ViewController.swift */,
				7DD6C40B246BCD7600A6B8D9 /* Main.storyboard */,
				7DD6C40E246BCD7700A6B8D9 /* Assets.xcassets */,
				7DD6C410246BCD7700A6B8D9 /* LaunchScreen.storyboard */,
				7DD6C413246BCD7700A6B8D9 /* Info.plist */,
			);
			path = OTPtextField;
			sourceTree = "<group>";
		};
/* End PBXGroup section */

/* Begin PBXNativeTarget section */
		7DD6C401246BCD7600A6B8D9 /* OTPtextField */ = {
			isa = PBXNativeTarget;
			buildConfigurationList = 7DD6C416246BCD7700A6B8D9 /* Build configuration list for PBXNativeTarget "OTPtextField" */;
			buildPhases = (
				7DD6C3FE246BCD7600A6B8D9 /* Sources */,
				7DD6C3FF246BCD7600A6B8D9 /* Frameworks */,
				7DD6C400246BCD7600A6B8D9 /* Resources */,
			);
			buildRules = (
			);
			dependencies = (
			);
			name = OTPtextField;
			productName = OTPtextField;
			productReference = 7DD6C402246BCD7600A6B8D9 /* OTPtextField.app */;
			productType = "com.apple.product-type.application";
		};
/* End PBXNativeTarget section */

/* Begin PBXProject section */
		7DD6C3FA246BCD7600A6B8D9 /* Project object */ = {
			isa = PBXProject;
			attributes = {
				LastSwiftUpdateCheck = 1130;
				LastUpgradeCheck = 1130;
				ORGANIZATIONNAME = "POORAN SUTHAR";
				TargetAttributes = {
					7DD6C401246BCD7600A6B8D9 = {
						CreatedOnToolsVersion = 11.3;
					};
				};
			};
			buildConfigurationList = 7DD6C3FD246BCD7600A6B8D9 /* Build configuration list for PBXProject "OTPtextField" */;
			compatibilityVersion = "Xcode 9.3";
			developmentRegion = en;
			hasScannedForEncodings = 0;
			knownRegions = (
				en,
				Base,
			);
			mainGroup = 7DD6C3F9246BCD7600A6B8D9;
			productRefGroup = 7DD6C403246BCD7600A6B8D9 /* Products */;
			projectDirPath = "";
			projectRoot = "";
			targets = (
				7DD6C401246BCD7600A6B8D9 /* OTPtextField */,
			);
		};
/* End PBXProject section */

/* Begin PBXResourcesBuildPhase section */
		7DD6C400246BCD7600A6B8D9 /* Resources */ = {
			isa = PBXResourcesBuildPhase;
			buildActionMask = 2147483647;
			files = (
				7DD6C412246BCD7700A6B8D9 /* LaunchScreen.storyboard in Resources */,
				7DD6C40F246BCD7700A6B8D9 /* Assets.xcassets in Resources */,
				7DD6C40D246BCD7600A6B8D9 /* Main.storyboard in Resources */,
			);
			runOnlyForDeploymentPostprocessing = 0;
		};
/* End PBXResourcesBuildPhase section */

/* Begin PBXSourcesBuildPhase section */
		7DD6C3FE246BCD7600A6B8D9 /* Sources */ = {
			isa = PBXSourcesBuildPhase;
			buildActionMask = 2147483647;
			files = (
				7DD6C40A246BCD7600A6B8D9 /* ViewController.swift in Sources */,
				7DD6C406246BCD7600A6B8D9 /* AppDelegate.swift in Sources */,
				7DD6C408246BCD7600A6B8D9 /* SceneDelegate.swift in Sources */,
			);
			runOnlyForDeploymentPostprocessing = 0;
		};
/* End PBXSourcesBuildPhase section */

/* Begin PBXVariantGroup section */
		7DD6C40B246BCD7600A6B8D9 /* Main.storyboard */ = {
			isa = PBXVariantGroup;
			children = (
				7DD6C40C246BCD7600A6B8D9 /* Base */,
			);
			name = Main.storyboard;
			sourceTree = "<group>";
		};
		7DD6C410246BCD7700A6B8D9 /* LaunchScreen.storyboard */ = {
			isa = PBXVariantGroup;
			children = (
				7DD6C411246BCD7700A6B8D9 /* Base */,
			);
			name = LaunchScreen.storyboard;
			sourceTree = "<group>";
		};
/* End PBXVariantGroup section */

/* Begin XCBuildConfiguration section */
		7DD6C414246BCD7700A6B8D9 /* Debug */ = {
			isa = XCBuildConfiguration;
			buildSettings = {
				ALWAYS_SEARCH_USER_PATHS = NO;
				CLANG_ANALYZER_NONNULL = YES;
				CLANG_ANALYZER_NUMBER_OBJECT_CONVERSION = YES_AGGRESSIVE;
				CLANG_CXX_LANGUAGE_STANDARD = "gnu++14";
				CLANG_CXX_LIBRARY = "libc++";
				CLANG_ENABLE_MODULES = YES;
				CLANG_ENABLE_OBJC_ARC = YES;
				CLANG_ENABLE_OBJC_WEAK = YES;
				CLANG_WARN_BLOCK_CAPTURE_AUTORELEASING = YES;
				CLANG_WARN_BOOL_CONVERSION = YES;
				CLANG_WARN_COMMA = YES;
				CLANG_WARN_CONSTANT_CONVERSION = YES;
				CLANG_WARN_DEPRECATED_OBJC_IMPLEMENTATIONS = YES;
				CLANG_WARN_DIRECT_OBJC_ISA_USAGE = YES_ERROR;
				CLANG_WARN_DOCUMENTATION_COMMENTS = YES;
				CLANG_WARN_EMPTY_BODY = YES;
				CLANG_WARN_ENUM_CONVERSION = YES;
				CLANG_WARN_INFINITE_RECURSION = YES;
				CLANG_WARN_INT_CONVERSION = YES;
				CLANG_WARN_NON_LITERAL_NULL_CONVERSION = YES;
				CLANG_WARN_OBJC_IMPLICIT_RETAIN_SELF = YES;
				CLANG_WARN_OBJC_LITERAL_CONVERSION = YES;
				CLANG_WARN_OBJC_ROOT_CLASS = YES_ERROR;
				CLANG_WARN_RANGE_LOOP_ANALYSIS = YES;
				CLANG_WARN_STRICT_PROTOTYPES = YES;
				CLANG_WARN_SUSPICIOUS_MOVE = YES;
				CLANG_WARN_UNGUARDED_AVAILABILITY = YES_AGGRESSIVE;
				CLANG_WARN_UNREACHABLE_CODE = YES;
				CLANG_WARN__DUPLICATE_METHOD_MATCH = YES;
				COPY_PHASE_STRIP = NO;
				DEBUG_INFORMATION_FORMAT = dwarf;
				ENABLE_STRICT_OBJC_MSGSEND = YES;
				ENABLE_TESTABILITY = YES;
				GCC_C_LANGUAGE_STANDARD = gnu11;
				GCC_DYNAMIC_NO_PIC = NO;
				GCC_NO_COMMON_BLOCKS = YES;
				GCC_OPTIMIZATION_LEVEL = 0;
				GCC_PREPROCESSOR_DEFINITIONS = (
					"DEBUG=1",
					"$(inherited)",
				);
				GCC_WARN_64_TO_32_BIT_CONVERSION = YES;
				GCC_WARN_ABOUT_RETURN_TYPE = YES_ERROR;
				GCC_WARN_UNDECLARED_SELECTOR = YES;
				GCC_WARN_UNINITIALIZED_AUTOS = YES_AGGRESSIVE;
				GCC_WARN_UNUSED_FUNCTION = YES;
				GCC_WARN_UNUSED_VARIABLE = YES;
				IPHONEOS_DEPLOYMENT_TARGET = 13.2;
				MTL_ENABLE_DEBUG_INFO = INCLUDE_SOURCE;
				MTL_FAST_MATH = YES;
				ONLY_ACTIVE_ARCH = YES;
				SDKROOT = iphoneos;
				SWIFT_ACTIVE_COMPILATION_CONDITIONS = DEBUG;
				SWIFT_OPTIMIZATION_LEVEL = "-Onone";
			};
			name = Debug;
		};
		7DD6C415246BCD7700A6B8D9 /* Release */ = {
			isa = XCBuildConfiguration;
			buildSettings = {
				ALWAYS_SEARCH_USER_PATHS = NO;
				CLANG_ANALYZER_NONNULL = YES;
				CLANG_ANALYZER_NUMBER_OBJECT_CONVERSION = YES_AGGRESSIVE;
				CLANG_CXX_LANGUAGE_STANDARD = "gnu++14";
				CLANG_CXX_LIBRARY = "libc++";
				CLANG_ENABLE_MODULES = YES;
				CLANG_ENABLE_OBJC_ARC = YES;
				CLANG_ENABLE_OBJC_WEAK = YES;
				CLANG_WARN_BLOCK_CAPTURE_AUTORELEASING = YES;
				CLANG_WARN_BOOL_CONVERSION = YES;
				CLANG_WARN_COMMA = YES;
				CLANG_WARN_CONSTANT_CONVERSION = YES;
				CLANG_WARN_DEPRECATED_OBJC_IMPLEMENTATIONS = YES;
				CLANG_WARN_DIRECT_OBJC_ISA_USAGE = YES_ERROR;
				CLANG_WARN_DOCUMENTATION_COMMENTS = YES;
				CLANG_WARN_EMPTY_BODY = YES;
				CLANG_WARN_ENUM_CONVERSION = YES;
				CLANG_WARN_INFINITE_RECURSION = YES;
				CLANG_WARN_INT_CONVERSION = YES;
				CLANG_WARN_NON_LITERAL_NULL_CONVERSION = YES;
				CLANG_WARN_OBJC_IMPLICIT_RETAIN_SELF = YES;
				CLANG_WARN_OBJC_LITERAL_CONVERSION = YES;
				CLANG_WARN_OBJC_ROOT_CLASS = YES_ERROR;
				CLANG_WARN_RANGE_LOOP_ANALYSIS = YES;
				CLANG_WARN_STRICT_PROTOTYPES = YES;
				CLANG_WARN_SUSPICIOUS_MOVE = YES;
				CLANG_WARN_UNGUARDED_AVAILABILITY = YES_AGGRESSIVE;
				CLANG_WARN_UNREACHABLE_CODE = YES;
				CLANG_WARN__DUPLICATE_METHOD_MATCH = YES;
				COPY_PHASE_STRIP = NO;
				DEBUG_INFORMATION_FORMAT = "dwarf-with-dsym";
				ENABLE_NS_ASSERTIONS = NO;
				ENABLE_STRICT_OBJC_MSGSEND = YES;
				GCC_C_LANGUAGE_STANDARD = gnu11;
				GCC_NO_COMMON_BLOCKS = YES;
				GCC_WARN_64_TO_32_BIT_CONVERSION = YES;
				GCC_WARN_ABOUT_RETURN_TYPE = YES_ERROR;
				GCC_WARN_UNDECLARED_SELECTOR = YES;
				GCC_WARN_UNINITIALIZED_AUTOS = YES_AGGRESSIVE;
				GCC_WARN_UNUSED_FUNCTION = YES;
				GCC_WARN_UNUSED_VARIABLE = YES;
				IPHONEOS_DEPLOYMENT_TARGET = 13.2;
				MTL_ENABLE_DEBUG_INFO = NO;
				MTL_FAST_MATH = YES;
				SDKROOT = iphoneos;
				SWIFT_COMPILATION_MODE = wholemodule;
				SWIFT_OPTIMIZATION_LEVEL = "-O";
				VALIDATE_PRODUCT = YES;
			};
			name = Release;
		};
		7DD6C417246BCD7700A6B8D9 /* Debug */ = {
			isa = XCBuildConfiguration;
			buildSettings = {
				ASSETCATALOG_COMPILER_APPICON_NAME = AppIcon;
				CODE_SIGN_STYLE = Automatic;
				INFOPLIST_FILE = OTPtextField/Info.plist;
				LD_RUNPATH_SEARCH_PATHS = (
					"$(inherited)",
					"@executable_path/Frameworks",
				);
				PRODUCT_BUNDLE_IDENTIFIER = myapp.OTPtextField;
				PRODUCT_NAME = "$(TARGET_NAME)";
				SWIFT_VERSION = 5.0;
				TARGETED_DEVICE_FAMILY = "1,2";
			};
			name = Debug;
		};
		7DD6C418246BCD7700A6B8D9 /* Release */ = {
			isa = XCBuildConfiguration;
			buildSettings = {
				ASSETCATALOG_COMPILER_APPICON_NAME = AppIcon;
				CODE_SIGN_STYLE = Automatic;
				INFOPLIST_FILE = OTPtextField/Info.plist;
				LD_RUNPATH_SEARCH_PATHS = (
					"$(inherited)",
					"@executable_path/Frameworks",
				);
				PRODUCT_BUNDLE_IDENTIFIER = myapp.OTPtextField;
				PRODUCT_NAME = "$(TARGET_NAME)";
				SWIFT_VERSION = 5.0;
				TARGETED_DEVICE_FAMILY = "1,2";
			};
			name = Release;
		};
/* End XCBuildConfiguration section */

/* Begin XCConfigurationList section */
		7DD6C3FD246BCD7600A6B8D9 /* Build configuration list for PBXProject "OTPtextField" */ = {
			isa = XCConfigurationList;
			buildConfigurations = (
				7DD6C414246BCD7700A6B8D9 /* Debug */,
				7DD6C415246BCD7700A6B8D9 /* Release */,
			);
			defaultConfigurationIsVisible = 0;
			defaultConfigurationName = Release;
		};
		7DD6C416246BCD7700A6B8D9 /* Build configuration list for PBXNativeTarget "OTPtextField" */ = {
			isa = XCConfigurationList;
			buildConfigurations = (
				7DD6C417246BCD7700A6B8D9 /* Debug */,
				7DD6C418246BCD7700A6B8D9 /* Release */,
			);
			defaultConfigurationIsVisible = 0;
			defaultConfigurationName = Release;
		};
/* End XCConfigurationList section */
	};
	rootObject = 7DD6C3FA246BCD7600A6B8D9 /* Project object */;
}
